// !$*UTF8*$!
{
	archiveVersion = 1;
	classes = {
	};
	objectVersion = 55;
	objects = {

/* Begin PBXBuildFile section */
		3D37187E271D5D8400868635 /* AppDelegate.swift in Sources */ = {isa = PBXBuildFile; fileRef = 3D37187D271D5D8400868635 /* AppDelegate.swift */; };
		3D371880271D5D8400868635 /* SceneDelegate.swift in Sources */ = {isa = PBXBuildFile; fileRef = 3D37187F271D5D8400868635 /* SceneDelegate.swift */; };
		3D371882271D5D8400868635 /* AuthViewController.swift in Sources */ = {isa = PBXBuildFile; fileRef = 3D371881271D5D8400868635 /* AuthViewController.swift */; };
		3D371887271D5D8600868635 /* Assets.xcassets in Resources */ = {isa = PBXBuildFile; fileRef = 3D371886271D5D8600868635 /* Assets.xcassets */; };
		3D37188A271D5D8600868635 /* LaunchScreen.storyboard in Resources */ = {isa = PBXBuildFile; fileRef = 3D371888271D5D8600868635 /* LaunchScreen.storyboard */; };
		3D371892271D68E100868635 /* AuthService.swift in Sources */ = {isa = PBXBuildFile; fileRef = 3D371891271D68E100868635 /* AuthService.swift */; };
		3D371895271D6BE100868635 /* AuthViewController.storyboard in Resources */ = {isa = PBXBuildFile; fileRef = 3D371894271D6BE100868635 /* AuthViewController.storyboard */; };
		3D37189D271D820A00868635 /* NetworkService.swift in Sources */ = {isa = PBXBuildFile; fileRef = 3D37189C271D820A00868635 /* NetworkService.swift */; };
		3D37189F271D82EE00868635 /* API.swift in Sources */ = {isa = PBXBuildFile; fileRef = 3D37189E271D82EE00868635 /* API.swift */; };
		3D3718A2271D994F00868635 /* FeedResponse.swift in Sources */ = {isa = PBXBuildFile; fileRef = 3D3718A1271D994F00868635 /* FeedResponse.swift */; };
		3D3718A4271D9D8900868635 /* NetworkDataFetcher.swift in Sources */ = {isa = PBXBuildFile; fileRef = 3D3718A3271D9D8900868635 /* NetworkDataFetcher.swift */; };
		3D3718AD271DA7C500868635 /* NewsfeedPresenter.swift in Sources */ = {isa = PBXBuildFile; fileRef = 3D3718A6271DA7C500868635 /* NewsfeedPresenter.swift */; };
		3D3718AE271DA7C500868635 /* NewsfeedWorker.swift in Sources */ = {isa = PBXBuildFile; fileRef = 3D3718A7271DA7C500868635 /* NewsfeedWorker.swift */; };
		3D3718AF271DA7C500868635 /* NewsfeedRouter.swift in Sources */ = {isa = PBXBuildFile; fileRef = 3D3718A8271DA7C500868635 /* NewsfeedRouter.swift */; };
		3D3718B0271DA7C500868635 /* NewsfeedModels.swift in Sources */ = {isa = PBXBuildFile; fileRef = 3D3718A9271DA7C500868635 /* NewsfeedModels.swift */; };
		3D3718B1271DA7C500868635 /* NewsfeedViewController.swift in Sources */ = {isa = PBXBuildFile; fileRef = 3D3718AA271DA7C500868635 /* NewsfeedViewController.swift */; };
		3D3718B2271DA7C500868635 /* NewsfeedInteractor.swift in Sources */ = {isa = PBXBuildFile; fileRef = 3D3718AB271DA7C500868635 /* NewsfeedInteractor.swift */; };
		3D3718B5271DAD4900868635 /* NewsfeedViewController.storyboard in Resources */ = {isa = PBXBuildFile; fileRef = 3D3718B4271DAD4900868635 /* NewsfeedViewController.storyboard */; };
		3DE4E118271EEE76008AF065 /* NewsfeedCell.swift in Sources */ = {isa = PBXBuildFile; fileRef = 3DE4E117271EEE76008AF065 /* NewsfeedCell.swift */; };
		3DE4E11A271EEEE3008AF065 /* NewsfeedCell.xib in Resources */ = {isa = PBXBuildFile; fileRef = 3DE4E119271EEEE3008AF065 /* NewsfeedCell.xib */; };
		FB350BEB7A39EFCFF78B2538 /* Pods_VKNewsFeed.framework in Frameworks */ = {isa = PBXBuildFile; fileRef = 89F8A6B5698A26FC0CDAED5E /* Pods_VKNewsFeed.framework */; };
/* End PBXBuildFile section */

/* Begin PBXFileReference section */
		3D37187A271D5D8400868635 /* VKNewsFeed.app */ = {isa = PBXFileReference; explicitFileType = wrapper.application; includeInIndex = 0; path = VKNewsFeed.app; sourceTree = BUILT_PRODUCTS_DIR; };
		3D37187D271D5D8400868635 /* AppDelegate.swift */ = {isa = PBXFileReference; lastKnownFileType = sourcecode.swift; path = AppDelegate.swift; sourceTree = "<group>"; };
		3D37187F271D5D8400868635 /* SceneDelegate.swift */ = {isa = PBXFileReference; lastKnownFileType = sourcecode.swift; path = SceneDelegate.swift; sourceTree = "<group>"; };
		3D371881271D5D8400868635 /* AuthViewController.swift */ = {isa = PBXFileReference; lastKnownFileType = sourcecode.swift; path = AuthViewController.swift; sourceTree = "<group>"; };
		3D371886271D5D8600868635 /* Assets.xcassets */ = {isa = PBXFileReference; lastKnownFileType = folder.assetcatalog; path = Assets.xcassets; sourceTree = "<group>"; };
		3D371889271D5D8600868635 /* Base */ = {isa = PBXFileReference; lastKnownFileType = file.storyboard; name = Base; path = Base.lproj/LaunchScreen.storyboard; sourceTree = "<group>"; };
		3D37188B271D5D8600868635 /* Info.plist */ = {isa = PBXFileReference; lastKnownFileType = text.plist.xml; path = Info.plist; sourceTree = "<group>"; };
		3D371891271D68E100868635 /* AuthService.swift */ = {isa = PBXFileReference; lastKnownFileType = sourcecode.swift; path = AuthService.swift; sourceTree = "<group>"; };
		3D371894271D6BE100868635 /* AuthViewController.storyboard */ = {isa = PBXFileReference; lastKnownFileType = file.storyboard; path = AuthViewController.storyboard; sourceTree = "<group>"; };
		3D37189C271D820A00868635 /* NetworkService.swift */ = {isa = PBXFileReference; lastKnownFileType = sourcecode.swift; path = NetworkService.swift; sourceTree = "<group>"; };
		3D37189E271D82EE00868635 /* API.swift */ = {isa = PBXFileReference; lastKnownFileType = sourcecode.swift; path = API.swift; sourceTree = "<group>"; };
		3D3718A1271D994F00868635 /* FeedResponse.swift */ = {isa = PBXFileReference; lastKnownFileType = sourcecode.swift; path = FeedResponse.swift; sourceTree = "<group>"; };
		3D3718A3271D9D8900868635 /* NetworkDataFetcher.swift */ = {isa = PBXFileReference; lastKnownFileType = sourcecode.swift; path = NetworkDataFetcher.swift; sourceTree = "<group>"; };
		3D3718A6271DA7C500868635 /* NewsfeedPresenter.swift */ = {isa = PBXFileReference; lastKnownFileType = sourcecode.swift; path = NewsfeedPresenter.swift; sourceTree = "<group>"; };
		3D3718A7271DA7C500868635 /* NewsfeedWorker.swift */ = {isa = PBXFileReference; lastKnownFileType = sourcecode.swift; path = NewsfeedWorker.swift; sourceTree = "<group>"; };
		3D3718A8271DA7C500868635 /* NewsfeedRouter.swift */ = {isa = PBXFileReference; lastKnownFileType = sourcecode.swift; path = NewsfeedRouter.swift; sourceTree = "<group>"; };
		3D3718A9271DA7C500868635 /* NewsfeedModels.swift */ = {isa = PBXFileReference; lastKnownFileType = sourcecode.swift; path = NewsfeedModels.swift; sourceTree = "<group>"; };
		3D3718AA271DA7C500868635 /* NewsfeedViewController.swift */ = {isa = PBXFileReference; lastKnownFileType = sourcecode.swift; path = NewsfeedViewController.swift; sourceTree = "<group>"; };
		3D3718AB271DA7C500868635 /* NewsfeedInteractor.swift */ = {isa = PBXFileReference; lastKnownFileType = sourcecode.swift; path = NewsfeedInteractor.swift; sourceTree = "<group>"; };
		3D3718B4271DAD4900868635 /* NewsfeedViewController.storyboard */ = {isa = PBXFileReference; lastKnownFileType = file.storyboard; path = NewsfeedViewController.storyboard; sourceTree = "<group>"; };
		3DE4E117271EEE76008AF065 /* NewsfeedCell.swift */ = {isa = PBXFileReference; lastKnownFileType = sourcecode.swift; path = NewsfeedCell.swift; sourceTree = "<group>"; };
		3DE4E119271EEEE3008AF065 /* NewsfeedCell.xib */ = {isa = PBXFileReference; lastKnownFileType = file.xib; path = NewsfeedCell.xib; sourceTree = "<group>"; };
		89F8A6B5698A26FC0CDAED5E /* Pods_VKNewsFeed.framework */ = {isa = PBXFileReference; explicitFileType = wrapper.framework; includeInIndex = 0; path = Pods_VKNewsFeed.framework; sourceTree = BUILT_PRODUCTS_DIR; };
		AC0EF618ED812C8C8BFB8CA7 /* Pods-VKNewsFeed.release.xcconfig */ = {isa = PBXFileReference; includeInIndex = 1; lastKnownFileType = text.xcconfig; name = "Pods-VKNewsFeed.release.xcconfig"; path = "Target Support Files/Pods-VKNewsFeed/Pods-VKNewsFeed.release.xcconfig"; sourceTree = "<group>"; };
		FA3183E00D9216F17937C8D5 /* Pods-VKNewsFeed.debug.xcconfig */ = {isa = PBXFileReference; includeInIndex = 1; lastKnownFileType = text.xcconfig; name = "Pods-VKNewsFeed.debug.xcconfig"; path = "Target Support Files/Pods-VKNewsFeed/Pods-VKNewsFeed.debug.xcconfig"; sourceTree = "<group>"; };
/* End PBXFileReference section */

/* Begin PBXFrameworksBuildPhase section */
		3D371877271D5D8400868635 /* Frameworks */ = {
			isa = PBXFrameworksBuildPhase;
			buildActionMask = 2147483647;
			files = (
				FB350BEB7A39EFCFF78B2538 /* Pods_VKNewsFeed.framework in Frameworks */,
			);
			runOnlyForDeploymentPostprocessing = 0;
		};
/* End PBXFrameworksBuildPhase section */

/* Begin PBXGroup section */
		3D371871271D5D8400868635 = {
			isa = PBXGroup;
			children = (
				3D37187C271D5D8400868635 /* VKNewsFeed */,
				3D37187B271D5D8400868635 /* Products */,
				418FE2404FF517A95173BD4C /* Pods */,
				9DA95229CE2FE53EA11E3BE3 /* Frameworks */,
			);
			sourceTree = "<group>";
		};
		3D37187B271D5D8400868635 /* Products */ = {
			isa = PBXGroup;
			children = (
				3D37187A271D5D8400868635 /* VKNewsFeed.app */,
			);
			name = Products;
			sourceTree = "<group>";
		};
		3D37187C271D5D8400868635 /* VKNewsFeed */ = {
			isa = PBXGroup;
			children = (
				3D37187D271D5D8400868635 /* AppDelegate.swift */,
				3D37187F271D5D8400868635 /* SceneDelegate.swift */,
				3D371893271D68F000868635 /* Services */,
				3D37189B271D777B00868635 /* Auth */,
				3D3718A5271DA77F00868635 /* Newsfeed */,
				3D371886271D5D8600868635 /* Assets.xcassets */,
				3D371888271D5D8600868635 /* LaunchScreen.storyboard */,
				3D37188B271D5D8600868635 /* Info.plist */,
			);
			path = VKNewsFeed;
			sourceTree = "<group>";
		};
		3D371893271D68F000868635 /* Services */ = {
			isa = PBXGroup;
			children = (
				3D3718A0271D993700868635 /* Models */,
				3D371891271D68E100868635 /* AuthService.swift */,
				3D37189C271D820A00868635 /* NetworkService.swift */,
				3D37189E271D82EE00868635 /* API.swift */,
				3D3718A3271D9D8900868635 /* NetworkDataFetcher.swift */,
			);
			path = Services;
			sourceTree = "<group>";
		};
		3D37189B271D777B00868635 /* Auth */ = {
			isa = PBXGroup;
			children = (
				3D371881271D5D8400868635 /* AuthViewController.swift */,
				3D371894271D6BE100868635 /* AuthViewController.storyboard */,
			);
			path = Auth;
			sourceTree = "<group>";
		};
		3D3718A0271D993700868635 /* Models */ = {
			isa = PBXGroup;
			children = (
				3D3718A1271D994F00868635 /* FeedResponse.swift */,
			);
			path = Models;
			sourceTree = "<group>";
		};
		3D3718A5271DA77F00868635 /* Newsfeed */ = {
			isa = PBXGroup;
			children = (
				3DE4E116271EEE4F008AF065 /* Cell */,
				3D3718AA271DA7C500868635 /* NewsfeedViewController.swift */,
				3D3718B4271DAD4900868635 /* NewsfeedViewController.storyboard */,
				3D3718AB271DA7C500868635 /* NewsfeedInteractor.swift */,
				3D3718A6271DA7C500868635 /* NewsfeedPresenter.swift */,
				3D3718A9271DA7C500868635 /* NewsfeedModels.swift */,
				3D3718A7271DA7C500868635 /* NewsfeedWorker.swift */,
				3D3718A8271DA7C500868635 /* NewsfeedRouter.swift */,
			);
			path = Newsfeed;
			sourceTree = "<group>";
		};
		3DE4E116271EEE4F008AF065 /* Cell */ = {
			isa = PBXGroup;
			children = (
				3DE4E117271EEE76008AF065 /* NewsfeedCell.swift */,
				3DE4E119271EEEE3008AF065 /* NewsfeedCell.xib */,
			);
			path = Cell;
			sourceTree = "<group>";
		};
		418FE2404FF517A95173BD4C /* Pods */ = {
			isa = PBXGroup;
			children = (
				FA3183E00D9216F17937C8D5 /* Pods-VKNewsFeed.debug.xcconfig */,
				AC0EF618ED812C8C8BFB8CA7 /* Pods-VKNewsFeed.release.xcconfig */,
			);
			path = Pods;
			sourceTree = "<group>";
		};
		9DA95229CE2FE53EA11E3BE3 /* Frameworks */ = {
			isa = PBXGroup;
			children = (
				89F8A6B5698A26FC0CDAED5E /* Pods_VKNewsFeed.framework */,
			);
			name = Frameworks;
			sourceTree = "<group>";
		};
/* End PBXGroup section */

/* Begin PBXNativeTarget section */
		3D371879271D5D8400868635 /* VKNewsFeed */ = {
			isa = PBXNativeTarget;
			buildConfigurationList = 3D37188E271D5D8600868635 /* Build configuration list for PBXNativeTarget "VKNewsFeed" */;
			buildPhases = (
				6B4C49EB0A575D87D8CC1728 /* [CP] Check Pods Manifest.lock */,
				3D371876271D5D8400868635 /* Sources */,
				3D371877271D5D8400868635 /* Frameworks */,
				3D371878271D5D8400868635 /* Resources */,
				29DE453D7CC8AA41F198F84E /* [CP] Embed Pods Frameworks */,
			);
			buildRules = (
			);
			dependencies = (
			);
			name = VKNewsFeed;
			productName = VKNewsFeed;
			productReference = 3D37187A271D5D8400868635 /* VKNewsFeed.app */;
			productType = "com.apple.product-type.application";
		};
/* End PBXNativeTarget section */

/* Begin PBXProject section */
		3D371872271D5D8400868635 /* Project object */ = {
			isa = PBXProject;
			attributes = {
				BuildIndependentTargetsInParallel = 1;
				LastSwiftUpdateCheck = 1300;
				LastUpgradeCheck = 1300;
				TargetAttributes = {
					3D371879271D5D8400868635 = {
						CreatedOnToolsVersion = 13.0;
					};
				};
			};
			buildConfigurationList = 3D371875271D5D8400868635 /* Build configuration list for PBXProject "VKNewsFeed" */;
			compatibilityVersion = "Xcode 13.0";
			developmentRegion = en;
			hasScannedForEncodings = 0;
			knownRegions = (
				en,
				Base,
			);
			mainGroup = 3D371871271D5D8400868635;
			productRefGroup = 3D37187B271D5D8400868635 /* Products */;
			projectDirPath = "";
			projectRoot = "";
			targets = (
				3D371879271D5D8400868635 /* VKNewsFeed */,
			);
		};
/* End PBXProject section */

/* Begin PBXResourcesBuildPhase section */
		3D371878271D5D8400868635 /* Resources */ = {
			isa = PBXResourcesBuildPhase;
			buildActionMask = 2147483647;
			files = (
				3D37188A271D5D8600868635 /* LaunchScreen.storyboard in Resources */,
				3D371895271D6BE100868635 /* AuthViewController.storyboard in Resources */,
				3D3718B5271DAD4900868635 /* NewsfeedViewController.storyboard in Resources */,
				3D371887271D5D8600868635 /* Assets.xcassets in Resources */,
				3DE4E11A271EEEE3008AF065 /* NewsfeedCell.xib in Resources */,
			);
			runOnlyForDeploymentPostprocessing = 0;
		};
/* End PBXResourcesBuildPhase section */

/* Begin PBXShellScriptBuildPhase section */
		29DE453D7CC8AA41F198F84E /* [CP] Embed Pods Frameworks */ = {
			isa = PBXShellScriptBuildPhase;
			buildActionMask = 2147483647;
			files = (
			);
			inputFileListPaths = (
				"${PODS_ROOT}/Target Support Files/Pods-VKNewsFeed/Pods-VKNewsFeed-frameworks-${CONFIGURATION}-input-files.xcfilelist",
			);
			name = "[CP] Embed Pods Frameworks";
			outputFileListPaths = (
				"${PODS_ROOT}/Target Support Files/Pods-VKNewsFeed/Pods-VKNewsFeed-frameworks-${CONFIGURATION}-output-files.xcfilelist",
			);
			runOnlyForDeploymentPostprocessing = 0;
			shellPath = /bin/sh;
			shellScript = "\"${PODS_ROOT}/Target Support Files/Pods-VKNewsFeed/Pods-VKNewsFeed-frameworks.sh\"\n";
			showEnvVarsInLog = 0;
		};
		6B4C49EB0A575D87D8CC1728 /* [CP] Check Pods Manifest.lock */ = {
			isa = PBXShellScriptBuildPhase;
			buildActionMask = 2147483647;
			files = (
			);
			inputFileListPaths = (
			);
			inputPaths = (
				"${PODS_PODFILE_DIR_PATH}/Podfile.lock",
				"${PODS_ROOT}/Manifest.lock",
			);
			name = "[CP] Check Pods Manifest.lock";
			outputFileListPaths = (
			);
			outputPaths = (
				"$(DERIVED_FILE_DIR)/Pods-VKNewsFeed-checkManifestLockResult.txt",
			);
			runOnlyForDeploymentPostprocessing = 0;
			shellPath = /bin/sh;
			shellScript = "diff \"${PODS_PODFILE_DIR_PATH}/Podfile.lock\" \"${PODS_ROOT}/Manifest.lock\" > /dev/null\nif [ $? != 0 ] ; then\n    # print error to STDERR\n    echo \"error: The sandbox is not in sync with the Podfile.lock. Run 'pod install' or update your CocoaPods installation.\" >&2\n    exit 1\nfi\n# This output is used by Xcode 'outputs' to avoid re-running this script phase.\necho \"SUCCESS\" > \"${SCRIPT_OUTPUT_FILE_0}\"\n";
			showEnvVarsInLog = 0;
		};
/* End PBXShellScriptBuildPhase section */

/* Begin PBXSourcesBuildPhase section */
		3D371876271D5D8400868635 /* Sources */ = {
			isa = PBXSourcesBuildPhase;
			buildActionMask = 2147483647;
			files = (
				3D371882271D5D8400868635 /* AuthViewController.swift in Sources */,
				3D3718B1271DA7C500868635 /* NewsfeedViewController.swift in Sources */,
				3D37187E271D5D8400868635 /* AppDelegate.swift in Sources */,
				3D3718AD271DA7C500868635 /* NewsfeedPresenter.swift in Sources */,
				3D371880271D5D8400868635 /* SceneDelegate.swift in Sources */,
				3D3718AF271DA7C500868635 /* NewsfeedRouter.swift in Sources */,
				3D37189D271D820A00868635 /* NetworkService.swift in Sources */,
				3D371892271D68E100868635 /* AuthService.swift in Sources */,
				3D3718B0271DA7C500868635 /* NewsfeedModels.swift in Sources */,
				3D3718A4271D9D8900868635 /* NetworkDataFetcher.swift in Sources */,
				3D3718AE271DA7C500868635 /* NewsfeedWorker.swift in Sources */,
				3D37189F271D82EE00868635 /* API.swift in Sources */,
				3D3718A2271D994F00868635 /* FeedResponse.swift in Sources */,
				3DE4E118271EEE76008AF065 /* NewsfeedCell.swift in Sources */,
				3D3718B2271DA7C500868635 /* NewsfeedInteractor.swift in Sources */,
			);
			runOnlyForDeploymentPostprocessing = 0;
		};
/* End PBXSourcesBuildPhase section */

/* Begin PBXVariantGroup section */
		3D371888271D5D8600868635 /* LaunchScreen.storyboard */ = {
			isa = PBXVariantGroup;
			children = (
				3D371889271D5D8600868635 /* Base */,
			);
			name = LaunchScreen.storyboard;
			sourceTree = "<group>";
		};
/* End PBXVariantGroup section */

/* Begin XCBuildConfiguration section */
		3D37188C271D5D8600868635 /* Debug */ = {
			isa = XCBuildConfiguration;
			buildSettings = {
				ALWAYS_SEARCH_USER_PATHS = NO;
				CLANG_ANALYZER_NONNULL = YES;
				CLANG_ANALYZER_NUMBER_OBJECT_CONVERSION = YES_AGGRESSIVE;
				CLANG_CXX_LANGUAGE_STANDARD = "gnu++17";
				CLANG_CXX_LIBRARY = "libc++";
				CLANG_ENABLE_MODULES = YES;
				CLANG_ENABLE_OBJC_ARC = YES;
				CLANG_ENABLE_OBJC_WEAK = YES;
				CLANG_WARN_BLOCK_CAPTURE_AUTORELEASING = YES;
				CLANG_WARN_BOOL_CONVERSION = YES;
				CLANG_WARN_COMMA = YES;
				CLANG_WARN_CONSTANT_CONVERSION = YES;
				CLANG_WARN_DEPRECATED_OBJC_IMPLEMENTATIONS = YES;
				CLANG_WARN_DIRECT_OBJC_ISA_USAGE = YES_ERROR;
				CLANG_WARN_DOCUMENTATION_COMMENTS = YES;
				CLANG_WARN_EMPTY_BODY = YES;
				CLANG_WARN_ENUM_CONVERSION = YES;
				CLANG_WARN_INFINITE_RECURSION = YES;
				CLANG_WARN_INT_CONVERSION = YES;
				CLANG_WARN_NON_LITERAL_NULL_CONVERSION = YES;
				CLANG_WARN_OBJC_IMPLICIT_RETAIN_SELF = YES;
				CLANG_WARN_OBJC_LITERAL_CONVERSION = YES;
				CLANG_WARN_OBJC_ROOT_CLASS = YES_ERROR;
				CLANG_WARN_QUOTED_INCLUDE_IN_FRAMEWORK_HEADER = YES;
				CLANG_WARN_RANGE_LOOP_ANALYSIS = YES;
				CLANG_WARN_STRICT_PROTOTYPES = YES;
				CLANG_WARN_SUSPICIOUS_MOVE = YES;
				CLANG_WARN_UNGUARDED_AVAILABILITY = YES_AGGRESSIVE;
				CLANG_WARN_UNREACHABLE_CODE = YES;
				CLANG_WARN__DUPLICATE_METHOD_MATCH = YES;
				COPY_PHASE_STRIP = NO;
				DEBUG_INFORMATION_FORMAT = dwarf;
				ENABLE_STRICT_OBJC_MSGSEND = YES;
				ENABLE_TESTABILITY = YES;
				GCC_C_LANGUAGE_STANDARD = gnu11;
				GCC_DYNAMIC_NO_PIC = NO;
				GCC_NO_COMMON_BLOCKS = YES;
				GCC_OPTIMIZATION_LEVEL = 0;
				GCC_PREPROCESSOR_DEFINITIONS = (
					"DEBUG=1",
					"$(inherited)",
				);
				GCC_WARN_64_TO_32_BIT_CONVERSION = YES;
				GCC_WARN_ABOUT_RETURN_TYPE = YES_ERROR;
				GCC_WARN_UNDECLARED_SELECTOR = YES;
				GCC_WARN_UNINITIALIZED_AUTOS = YES_AGGRESSIVE;
				GCC_WARN_UNUSED_FUNCTION = YES;
				GCC_WARN_UNUSED_VARIABLE = YES;
				IPHONEOS_DEPLOYMENT_TARGET = 15.0;
				MTL_ENABLE_DEBUG_INFO = INCLUDE_SOURCE;
				MTL_FAST_MATH = YES;
				ONLY_ACTIVE_ARCH = YES;
				SDKROOT = iphoneos;
				SWIFT_ACTIVE_COMPILATION_CONDITIONS = DEBUG;
				SWIFT_OPTIMIZATION_LEVEL = "-Onone";
			};
			name = Debug;
		};
		3D37188D271D5D8600868635 /* Release */ = {
			isa = XCBuildConfiguration;
			buildSettings = {
				ALWAYS_SEARCH_USER_PATHS = NO;
				CLANG_ANALYZER_NONNULL = YES;
				CLANG_ANALYZER_NUMBER_OBJECT_CONVERSION = YES_AGGRESSIVE;
				CLANG_CXX_LANGUAGE_STANDARD = "gnu++17";
				CLANG_CXX_LIBRARY = "libc++";
				CLANG_ENABLE_MODULES = YES;
				CLANG_ENABLE_OBJC_ARC = YES;
				CLANG_ENABLE_OBJC_WEAK = YES;
				CLANG_WARN_BLOCK_CAPTURE_AUTORELEASING = YES;
				CLANG_WARN_BOOL_CONVERSION = YES;
				CLANG_WARN_COMMA = YES;
				CLANG_WARN_CONSTANT_CONVERSION = YES;
				CLANG_WARN_DEPRECATED_OBJC_IMPLEMENTATIONS = YES;
				CLANG_WARN_DIRECT_OBJC_ISA_USAGE = YES_ERROR;
				CLANG_WARN_DOCUMENTATION_COMMENTS = YES;
				CLANG_WARN_EMPTY_BODY = YES;
				CLANG_WARN_ENUM_CONVERSION = YES;
				CLANG_WARN_INFINITE_RECURSION = YES;
				CLANG_WARN_INT_CONVERSION = YES;
				CLANG_WARN_NON_LITERAL_NULL_CONVERSION = YES;
				CLANG_WARN_OBJC_IMPLICIT_RETAIN_SELF = YES;
				CLANG_WARN_OBJC_LITERAL_CONVERSION = YES;
				CLANG_WARN_OBJC_ROOT_CLASS = YES_ERROR;
				CLANG_WARN_QUOTED_INCLUDE_IN_FRAMEWORK_HEADER = YES;
				CLANG_WARN_RANGE_LOOP_ANALYSIS = YES;
				CLANG_WARN_STRICT_PROTOTYPES = YES;
				CLANG_WARN_SUSPICIOUS_MOVE = YES;
				CLANG_WARN_UNGUARDED_AVAILABILITY = YES_AGGRESSIVE;
				CLANG_WARN_UNREACHABLE_CODE = YES;
				CLANG_WARN__DUPLICATE_METHOD_MATCH = YES;
				COPY_PHASE_STRIP = NO;
				DEBUG_INFORMATION_FORMAT = "dwarf-with-dsym";
				ENABLE_NS_ASSERTIONS = NO;
				ENABLE_STRICT_OBJC_MSGSEND = YES;
				GCC_C_LANGUAGE_STANDARD = gnu11;
				GCC_NO_COMMON_BLOCKS = YES;
				GCC_WARN_64_TO_32_BIT_CONVERSION = YES;
				GCC_WARN_ABOUT_RETURN_TYPE = YES_ERROR;
				GCC_WARN_UNDECLARED_SELECTOR = YES;
				GCC_WARN_UNINITIALIZED_AUTOS = YES_AGGRESSIVE;
				GCC_WARN_UNUSED_FUNCTION = YES;
				GCC_WARN_UNUSED_VARIABLE = YES;
				IPHONEOS_DEPLOYMENT_TARGET = 15.0;
				MTL_ENABLE_DEBUG_INFO = NO;
				MTL_FAST_MATH = YES;
				SDKROOT = iphoneos;
				SWIFT_COMPILATION_MODE = wholemodule;
				SWIFT_OPTIMIZATION_LEVEL = "-O";
				VALIDATE_PRODUCT = YES;
			};
			name = Release;
		};
		3D37188F271D5D8600868635 /* Debug */ = {
			isa = XCBuildConfiguration;
			baseConfigurationReference = FA3183E00D9216F17937C8D5 /* Pods-VKNewsFeed.debug.xcconfig */;
			buildSettings = {
				ASSETCATALOG_COMPILER_APPICON_NAME = AppIcon;
				ASSETCATALOG_COMPILER_GLOBAL_ACCENT_COLOR_NAME = AccentColor;
				CODE_SIGN_STYLE = Automatic;
				CURRENT_PROJECT_VERSION = 1;
				DEVELOPMENT_TEAM = 5CJLGV2VHN;
				GENERATE_INFOPLIST_FILE = YES;
				INFOPLIST_FILE = VKNewsFeed/Info.plist;
				INFOPLIST_KEY_UIApplicationSupportsIndirectInputEvents = YES;
				INFOPLIST_KEY_UILaunchStoryboardName = LaunchScreen;
				INFOPLIST_KEY_UISupportedInterfaceOrientations_iPad = "UIInterfaceOrientationPortrait UIInterfaceOrientationPortraitUpsideDown UIInterfaceOrientationLandscapeLeft UIInterfaceOrientationLandscapeRight";
				INFOPLIST_KEY_UISupportedInterfaceOrientations_iPhone = "UIInterfaceOrientationPortrait UIInterfaceOrientationLandscapeLeft UIInterfaceOrientationLandscapeRight";
				LD_RUNPATH_SEARCH_PATHS = (
					"$(inherited)",
					"@executable_path/Frameworks",
				);
				MARKETING_VERSION = 1.0;
				PRODUCT_BUNDLE_IDENTIFIER = "Mikhail-Kobzar.VKNewsFeed";
				PRODUCT_NAME = "$(TARGET_NAME)";
				SWIFT_EMIT_LOC_STRINGS = YES;
				SWIFT_VERSION = 5.0;
				TARGETED_DEVICE_FAMILY = "1,2";
			};
			name = Debug;
		};
		3D371890271D5D8600868635 /* Release */ = {
			isa = XCBuildConfiguration;
			baseConfigurationReference = AC0EF618ED812C8C8BFB8CA7 /* Pods-VKNewsFeed.release.xcconfig */;
			buildSettings = {
				ASSETCATALOG_COMPILER_APPICON_NAME = AppIcon;
				ASSETCATALOG_COMPILER_GLOBAL_ACCENT_COLOR_NAME = AccentColor;
				CODE_SIGN_STYLE = Automatic;
				CURRENT_PROJECT_VERSION = 1;
				DEVELOPMENT_TEAM = 5CJLGV2VHN;
				GENERATE_INFOPLIST_FILE = YES;
				INFOPLIST_FILE = VKNewsFeed/Info.plist;
				INFOPLIST_KEY_UIApplicationSupportsIndirectInputEvents = YES;
				INFOPLIST_KEY_UILaunchStoryboardName = LaunchScreen;
				INFOPLIST_KEY_UISupportedInterfaceOrientations_iPad = "UIInterfaceOrientationPortrait UIInterfaceOrientationPortraitUpsideDown UIInterfaceOrientationLandscapeLeft UIInterfaceOrientationLandscapeRight";
				INFOPLIST_KEY_UISupportedInterfaceOrientations_iPhone = "UIInterfaceOrientationPortrait UIInterfaceOrientationLandscapeLeft UIInterfaceOrientationLandscapeRight";
				LD_RUNPATH_SEARCH_PATHS = (
					"$(inherited)",
					"@executable_path/Frameworks",
				);
				MARKETING_VERSION = 1.0;
				PRODUCT_BUNDLE_IDENTIFIER = "Mikhail-Kobzar.VKNewsFeed";
				PRODUCT_NAME = "$(TARGET_NAME)";
				SWIFT_EMIT_LOC_STRINGS = YES;
				SWIFT_VERSION = 5.0;
				TARGETED_DEVICE_FAMILY = "1,2";
			};
			name = Release;
		};
/* End XCBuildConfiguration section */

/* Begin XCConfigurationList section */
		3D371875271D5D8400868635 /* Build configuration list for PBXProject "VKNewsFeed" */ = {
			isa = XCConfigurationList;
			buildConfigurations = (
				3D37188C271D5D8600868635 /* Debug */,
				3D37188D271D5D8600868635 /* Release */,
			);
			defaultConfigurationIsVisible = 0;
			defaultConfigurationName = Release;
		};
		3D37188E271D5D8600868635 /* Build configuration list for PBXNativeTarget "VKNewsFeed" */ = {
			isa = XCConfigurationList;
			buildConfigurations = (
				3D37188F271D5D8600868635 /* Debug */,
				3D371890271D5D8600868635 /* Release */,
			);
			defaultConfigurationIsVisible = 0;
			defaultConfigurationName = Release;
		};
/* End XCConfigurationList section */
	};
	rootObject = 3D371872271D5D8400868635 /* Project object */;
}
